
Microsoft Visual Studio Solution File, Format Version 12.00
# Visual Studio 2012
Project("{FAE04EC0-301F-11D3-BF4B-00C04F79EFBC}") = "01. FriendsOfPesho", "FriendsOfPesho\01. FriendsOfPesho.csproj", "{D51771B7-18AB-4D30-82DE-9699749C55E3}"
EndProject
Project("{FAE04EC0-301F-11D3-BF4B-00C04F79EFBC}") = "02. Salaries", "Salaries\02. Salaries.csproj", "{3AFCD76F-BAB5-4C43-B70F-8373BE827E28}"
EndProject
Global
	GlobalSection(SolutionConfigurationPlatforms) = preSolution
		Debug|Any CPU = Debug|Any CPU
		Release|Any CPU = Release|Any CPU
	EndGlobalSection
	GlobalSection(ProjectConfigurationPlatforms) = postSolution
		{D51771B7-18AB-4D30-82DE-9699749C55E3}.Debug|Any CPU.ActiveCfg = Debug|Any CPU
		{D51771B7-18AB-4D30-82DE-9699749C55E3}.Debug|Any CPU.Build.0 = Debug|Any CPU
		{D51771B7-18AB-4D30-82DE-9699749C55E3}.Release|Any CPU.ActiveCfg = Release|Any CPU
		{D51771B7-18AB-4D30-82DE-9699749C55E3}.Release|Any CPU.Build.0 = Release|Any CPU
		{3AFCD76F-BAB5-4C43-B70F-8373BE827E28}.Debug|Any CPU.ActiveCfg = Debug|Any CPU
		{3AFCD76F-BAB5-4C43-B70F-8373BE827E28}.Debug|Any CPU.Build.0 = Debug|Any CPU
		{3AFCD76F-BAB5-4C43-B70F-8373BE827E28}.Release|Any CPU.ActiveCfg = Release|Any CPU
		{3AFCD76F-BAB5-4C43-B70F-8373BE827E28}.Release|Any CPU.Build.0 = Release|Any CPU
	EndGlobalSection
	GlobalSection(SolutionProperties) = preSolution
		HideSolutionNode = FALSE
	EndGlobalSection
EndGlobal
