
Microsoft Visual Studio Solution File, Format Version 12.00
# Visual Studio 2012
Project("{FAE04EC0-301F-11D3-BF4B-00C04F79EFBC}") = "OpenAccess.Model", "OpenAccess.Model\OpenAccess.Model.csproj", "{C50145E6-A244-4F1F-B41F-90D1925B4A00}"
EndProject
Project("{FAE04EC0-301F-11D3-BF4B-00C04F79EFBC}") = "Framework", "Framework\Framework.csproj", "{A41B1B0F-943A-40B3-8EF1-B9CE61B81404}"
EndProject
Project("{FAE04EC0-301F-11D3-BF4B-00C04F79EFBC}") = "TelerikAcademy.Models", "TelerikAcademy.Models\TelerikAcademy.Models.csproj", "{C0AD4893-56D0-4D1A-8933-AD42415C4A9F}"
EndProject
Project("{FAE04EC0-301F-11D3-BF4B-00C04F79EFBC}") = "TelerikAcademy.Client", "TelerikAcademy.Client\TelerikAcademy.Client.csproj", "{13AD6D25-60FA-4E1A-A246-A0EA3AD21F51}"
EndProject
Project("{FAE04EC0-301F-11D3-BF4B-00C04F79EFBC}") = "04.CodeReview", "04.CodeReview\04.CodeReview.csproj", "{5BBA9DA8-8A0D-4A0E-9FB4-FF9A441B4361}"
EndProject
Project("{FAE04EC0-301F-11D3-BF4B-00C04F79EFBC}") = "05.Suggestions", "05.Suggestions\05.Suggestions.csproj", "{DA5E0669-FC0A-41B6-8776-A158FC9C0BB4}"
EndProject
Global
	GlobalSection(SolutionConfigurationPlatforms) = preSolution
		Debug|Any CPU = Debug|Any CPU
		Release|Any CPU = Release|Any CPU
	EndGlobalSection
	GlobalSection(ProjectConfigurationPlatforms) = postSolution
		{C50145E6-A244-4F1F-B41F-90D1925B4A00}.Debug|Any CPU.ActiveCfg = Debug|Any CPU
		{C50145E6-A244-4F1F-B41F-90D1925B4A00}.Debug|Any CPU.Build.0 = Debug|Any CPU
		{C50145E6-A244-4F1F-B41F-90D1925B4A00}.Release|Any CPU.ActiveCfg = Release|Any CPU
		{C50145E6-A244-4F1F-B41F-90D1925B4A00}.Release|Any CPU.Build.0 = Release|Any CPU
		{A41B1B0F-943A-40B3-8EF1-B9CE61B81404}.Debug|Any CPU.ActiveCfg = Debug|Any CPU
		{A41B1B0F-943A-40B3-8EF1-B9CE61B81404}.Debug|Any CPU.Build.0 = Debug|Any CPU
		{A41B1B0F-943A-40B3-8EF1-B9CE61B81404}.Release|Any CPU.ActiveCfg = Release|Any CPU
		{A41B1B0F-943A-40B3-8EF1-B9CE61B81404}.Release|Any CPU.Build.0 = Release|Any CPU
		{C0AD4893-56D0-4D1A-8933-AD42415C4A9F}.Debug|Any CPU.ActiveCfg = Debug|Any CPU
		{C0AD4893-56D0-4D1A-8933-AD42415C4A9F}.Debug|Any CPU.Build.0 = Debug|Any CPU
		{C0AD4893-56D0-4D1A-8933-AD42415C4A9F}.Release|Any CPU.ActiveCfg = Release|Any CPU
		{C0AD4893-56D0-4D1A-8933-AD42415C4A9F}.Release|Any CPU.Build.0 = Release|Any CPU
		{13AD6D25-60FA-4E1A-A246-A0EA3AD21F51}.Debug|Any CPU.ActiveCfg = Debug|Any CPU
		{13AD6D25-60FA-4E1A-A246-A0EA3AD21F51}.Debug|Any CPU.Build.0 = Debug|Any CPU
		{13AD6D25-60FA-4E1A-A246-A0EA3AD21F51}.Release|Any CPU.ActiveCfg = Release|Any CPU
		{13AD6D25-60FA-4E1A-A246-A0EA3AD21F51}.Release|Any CPU.Build.0 = Release|Any CPU
		{5BBA9DA8-8A0D-4A0E-9FB4-FF9A441B4361}.Debug|Any CPU.ActiveCfg = Debug|Any CPU
		{5BBA9DA8-8A0D-4A0E-9FB4-FF9A441B4361}.Debug|Any CPU.Build.0 = Debug|Any CPU
		{5BBA9DA8-8A0D-4A0E-9FB4-FF9A441B4361}.Release|Any CPU.ActiveCfg = Release|Any CPU
		{5BBA9DA8-8A0D-4A0E-9FB4-FF9A441B4361}.Release|Any CPU.Build.0 = Release|Any CPU
		{DA5E0669-FC0A-41B6-8776-A158FC9C0BB4}.Debug|Any CPU.ActiveCfg = Debug|Any CPU
		{DA5E0669-FC0A-41B6-8776-A158FC9C0BB4}.Debug|Any CPU.Build.0 = Debug|Any CPU
		{DA5E0669-FC0A-41B6-8776-A158FC9C0BB4}.Release|Any CPU.ActiveCfg = Release|Any CPU
		{DA5E0669-FC0A-41B6-8776-A158FC9C0BB4}.Release|Any CPU.Build.0 = Release|Any CPU
	EndGlobalSection
	GlobalSection(SolutionProperties) = preSolution
		HideSolutionNode = FALSE
	EndGlobalSection
EndGlobal
