
Microsoft Visual Studio Solution File, Format Version 12.00
# Visual Studio 2012
Project("{FAE04EC0-301F-11D3-BF4B-00C04F79EFBC}") = "01. BoolToStringClass", "BoolToStringClass\01. BoolToStringClass.csproj", "{90C1FC17-F271-46A3-AF33-E77C11C2E638}"
EndProject
Project("{FAE04EC0-301F-11D3-BF4B-00C04F79EFBC}") = "02. RefactoringHumanClass", "RefactoringHumanClass\02. RefactoringHumanClass.csproj", "{CD82C933-6DCE-40CF-BA83-8619A5781B58}"
EndProject
Project("{FAE04EC0-301F-11D3-BF4B-00C04F79EFBC}") = "03. RefactorJavaScript", "RefactorJavaScript\03. RefactorJavaScript.csproj", "{FA42349E-BA54-4120-8D86-7A637CC78A8C}"
EndProject
Project("{FAE04EC0-301F-11D3-BF4B-00C04F79EFBC}") = "Minesweeper", "Minesweeper\Minesweeper.csproj", "{F5F1D28B-215B-42AE-A2D5-66958DAA499F}"
EndProject
Global
	GlobalSection(SolutionConfigurationPlatforms) = preSolution
		Debug|Any CPU = Debug|Any CPU
		Release|Any CPU = Release|Any CPU
	EndGlobalSection
	GlobalSection(ProjectConfigurationPlatforms) = postSolution
		{90C1FC17-F271-46A3-AF33-E77C11C2E638}.Debug|Any CPU.ActiveCfg = Debug|Any CPU
		{90C1FC17-F271-46A3-AF33-E77C11C2E638}.Debug|Any CPU.Build.0 = Debug|Any CPU
		{90C1FC17-F271-46A3-AF33-E77C11C2E638}.Release|Any CPU.ActiveCfg = Release|Any CPU
		{90C1FC17-F271-46A3-AF33-E77C11C2E638}.Release|Any CPU.Build.0 = Release|Any CPU
		{CD82C933-6DCE-40CF-BA83-8619A5781B58}.Debug|Any CPU.ActiveCfg = Debug|Any CPU
		{CD82C933-6DCE-40CF-BA83-8619A5781B58}.Debug|Any CPU.Build.0 = Debug|Any CPU
		{CD82C933-6DCE-40CF-BA83-8619A5781B58}.Release|Any CPU.ActiveCfg = Release|Any CPU
		{CD82C933-6DCE-40CF-BA83-8619A5781B58}.Release|Any CPU.Build.0 = Release|Any CPU
		{FA42349E-BA54-4120-8D86-7A637CC78A8C}.Debug|Any CPU.ActiveCfg = Debug|Any CPU
		{FA42349E-BA54-4120-8D86-7A637CC78A8C}.Debug|Any CPU.Build.0 = Debug|Any CPU
		{FA42349E-BA54-4120-8D86-7A637CC78A8C}.Release|Any CPU.ActiveCfg = Release|Any CPU
		{FA42349E-BA54-4120-8D86-7A637CC78A8C}.Release|Any CPU.Build.0 = Release|Any CPU
		{F5F1D28B-215B-42AE-A2D5-66958DAA499F}.Debug|Any CPU.ActiveCfg = Debug|Any CPU
		{F5F1D28B-215B-42AE-A2D5-66958DAA499F}.Debug|Any CPU.Build.0 = Debug|Any CPU
		{F5F1D28B-215B-42AE-A2D5-66958DAA499F}.Release|Any CPU.ActiveCfg = Release|Any CPU
		{F5F1D28B-215B-42AE-A2D5-66958DAA499F}.Release|Any CPU.Build.0 = Release|Any CPU
	EndGlobalSection
	GlobalSection(SolutionProperties) = preSolution
		HideSolutionNode = FALSE
	EndGlobalSection
EndGlobal
